// !$*UTF8*$!
{
	archiveVersion = 1;
	classes = {
	};
	objectVersion = 50;
	objects = {

/* Begin PBXBuildFile section */
		95BEF16F25319C0A00885C94 /* AppDelegate.swift in Sources */ = {isa = PBXBuildFile; fileRef = 95BEF16E25319C0A00885C94 /* AppDelegate.swift */; };
		95BEF17125319C0A00885C94 /* SceneDelegate.swift in Sources */ = {isa = PBXBuildFile; fileRef = 95BEF17025319C0A00885C94 /* SceneDelegate.swift */; };
		95BEF17325319C0A00885C94 /* ViewController.swift in Sources */ = {isa = PBXBuildFile; fileRef = 95BEF17225319C0A00885C94 /* ViewController.swift */; };
		95BEF17625319C0A00885C94 /* Main.storyboard in Resources */ = {isa = PBXBuildFile; fileRef = 95BEF17425319C0A00885C94 /* Main.storyboard */; };
		95BEF17825319C0E00885C94 /* Assets.xcassets in Resources */ = {isa = PBXBuildFile; fileRef = 95BEF17725319C0E00885C94 /* Assets.xcassets */; };
		95BEF17B25319C0E00885C94 /* LaunchScreen.storyboard in Resources */ = {isa = PBXBuildFile; fileRef = 95BEF17925319C0E00885C94 /* LaunchScreen.storyboard */; };
		95BEF18625319C0E00885C94 /* Hackthon_DemoTests.swift in Sources */ = {isa = PBXBuildFile; fileRef = 95BEF18525319C0E00885C94 /* Hackthon_DemoTests.swift */; };
		95BEF19125319C0F00885C94 /* Hackthon_DemoUITests.swift in Sources */ = {isa = PBXBuildFile; fileRef = 95BEF19025319C0F00885C94 /* Hackthon_DemoUITests.swift */; };
/* End PBXBuildFile section */

/* Begin PBXContainerItemProxy section */
		95BEF18225319C0E00885C94 /* PBXContainerItemProxy */ = {
			isa = PBXContainerItemProxy;
			containerPortal = 95BEF16325319C0900885C94 /* Project object */;
			proxyType = 1;
			remoteGlobalIDString = 95BEF16A25319C0A00885C94;
			remoteInfo = Hackthon_Demo;
		};
		95BEF18D25319C0F00885C94 /* PBXContainerItemProxy */ = {
			isa = PBXContainerItemProxy;
			containerPortal = 95BEF16325319C0900885C94 /* Project object */;
			proxyType = 1;
			remoteGlobalIDString = 95BEF16A25319C0A00885C94;
			remoteInfo = Hackthon_Demo;
		};
/* End PBXContainerItemProxy section */

/* Begin PBXFileReference section */
		95BEF16B25319C0A00885C94 /* Hackthon_Demo.app */ = {isa = PBXFileReference; explicitFileType = wrapper.application; includeInIndex = 0; path = Hackthon_Demo.app; sourceTree = BUILT_PRODUCTS_DIR; };
		95BEF16E25319C0A00885C94 /* AppDelegate.swift */ = {isa = PBXFileReference; lastKnownFileType = sourcecode.swift; path = AppDelegate.swift; sourceTree = "<group>"; };
		95BEF17025319C0A00885C94 /* SceneDelegate.swift */ = {isa = PBXFileReference; lastKnownFileType = sourcecode.swift; path = SceneDelegate.swift; sourceTree = "<group>"; };
		95BEF17225319C0A00885C94 /* ViewController.swift */ = {isa = PBXFileReference; lastKnownFileType = sourcecode.swift; path = ViewController.swift; sourceTree = "<group>"; };
		95BEF17525319C0A00885C94 /* Base */ = {isa = PBXFileReference; lastKnownFileType = file.storyboard; name = Base; path = Base.lproj/Main.storyboard; sourceTree = "<group>"; };
		95BEF17725319C0E00885C94 /* Assets.xcassets */ = {isa = PBXFileReference; lastKnownFileType = folder.assetcatalog; path = Assets.xcassets; sourceTree = "<group>"; };
		95BEF17A25319C0E00885C94 /* Base */ = {isa = PBXFileReference; lastKnownFileType = file.storyboard; name = Base; path = Base.lproj/LaunchScreen.storyboard; sourceTree = "<group>"; };
		95BEF17C25319C0E00885C94 /* Info.plist */ = {isa = PBXFileReference; lastKnownFileType = text.plist.xml; path = Info.plist; sourceTree = "<group>"; };
		95BEF18125319C0E00885C94 /* Hackthon_DemoTests.xctest */ = {isa = PBXFileReference; explicitFileType = wrapper.cfbundle; includeInIndex = 0; path = Hackthon_DemoTests.xctest; sourceTree = BUILT_PRODUCTS_DIR; };
		95BEF18525319C0E00885C94 /* Hackthon_DemoTests.swift */ = {isa = PBXFileReference; lastKnownFileType = sourcecode.swift; path = Hackthon_DemoTests.swift; sourceTree = "<group>"; };
		95BEF18725319C0E00885C94 /* Info.plist */ = {isa = PBXFileReference; lastKnownFileType = text.plist.xml; path = Info.plist; sourceTree = "<group>"; };
		95BEF18C25319C0F00885C94 /* Hackthon_DemoUITests.xctest */ = {isa = PBXFileReference; explicitFileType = wrapper.cfbundle; includeInIndex = 0; path = Hackthon_DemoUITests.xctest; sourceTree = BUILT_PRODUCTS_DIR; };
		95BEF19025319C0F00885C94 /* Hackthon_DemoUITests.swift */ = {isa = PBXFileReference; lastKnownFileType = sourcecode.swift; path = Hackthon_DemoUITests.swift; sourceTree = "<group>"; };
		95BEF19225319C0F00885C94 /* Info.plist */ = {isa = PBXFileReference; lastKnownFileType = text.plist.xml; path = Info.plist; sourceTree = "<group>"; };
/* End PBXFileReference section */

/* Begin PBXFrameworksBuildPhase section */
		95BEF16825319C0A00885C94 /* Frameworks */ = {
			isa = PBXFrameworksBuildPhase;
			buildActionMask = 2147483647;
			files = (
			);
			runOnlyForDeploymentPostprocessing = 0;
		};
		95BEF17E25319C0E00885C94 /* Frameworks */ = {
			isa = PBXFrameworksBuildPhase;
			buildActionMask = 2147483647;
			files = (
			);
			runOnlyForDeploymentPostprocessing = 0;
		};
		95BEF18925319C0F00885C94 /* Frameworks */ = {
			isa = PBXFrameworksBuildPhase;
			buildActionMask = 2147483647;
			files = (
			);
			runOnlyForDeploymentPostprocessing = 0;
		};
/* End PBXFrameworksBuildPhase section */

/* Begin PBXGroup section */
		95BEF16225319C0900885C94 = {
			isa = PBXGroup;
			children = (
				95BEF16D25319C0A00885C94 /* Hackthon_Demo */,
				95BEF18425319C0E00885C94 /* Hackthon_DemoTests */,
				95BEF18F25319C0F00885C94 /* Hackthon_DemoUITests */,
				95BEF16C25319C0A00885C94 /* Products */,
			);
			sourceTree = "<group>";
		};
		95BEF16C25319C0A00885C94 /* Products */ = {
			isa = PBXGroup;
			children = (
				95BEF16B25319C0A00885C94 /* Hackthon_Demo.app */,
				95BEF18125319C0E00885C94 /* Hackthon_DemoTests.xctest */,
				95BEF18C25319C0F00885C94 /* Hackthon_DemoUITests.xctest */,
			);
			name = Products;
			sourceTree = "<group>";
		};
		95BEF16D25319C0A00885C94 /* Hackthon_Demo */ = {
			isa = PBXGroup;
			children = (
				95BEF16E25319C0A00885C94 /* AppDelegate.swift */,
				95BEF17025319C0A00885C94 /* SceneDelegate.swift */,
				95BEF17225319C0A00885C94 /* ViewController.swift */,
				95BEF17425319C0A00885C94 /* Main.storyboard */,
				95BEF17725319C0E00885C94 /* Assets.xcassets */,
				95BEF17925319C0E00885C94 /* LaunchScreen.storyboard */,
				95BEF17C25319C0E00885C94 /* Info.plist */,
			);
			path = Hackthon_Demo;
			sourceTree = "<group>";
		};
		95BEF18425319C0E00885C94 /* Hackthon_DemoTests */ = {
			isa = PBXGroup;
			children = (
				95BEF18525319C0E00885C94 /* Hackthon_DemoTests.swift */,
				95BEF18725319C0E00885C94 /* Info.plist */,
			);
			path = Hackthon_DemoTests;
			sourceTree = "<group>";
		};
		95BEF18F25319C0F00885C94 /* Hackthon_DemoUITests */ = {
			isa = PBXGroup;
			children = (
				95BEF19025319C0F00885C94 /* Hackthon_DemoUITests.swift */,
				95BEF19225319C0F00885C94 /* Info.plist */,
			);
			path = Hackthon_DemoUITests;
			sourceTree = "<group>";
		};
/* End PBXGroup section */

/* Begin PBXNativeTarget section */
		95BEF16A25319C0A00885C94 /* Hackthon_Demo */ = {
			isa = PBXNativeTarget;
			buildConfigurationList = 95BEF19525319C0F00885C94 /* Build configuration list for PBXNativeTarget "Hackthon_Demo" */;
			buildPhases = (
				95BEF16725319C0A00885C94 /* Sources */,
				95BEF16825319C0A00885C94 /* Frameworks */,
				95BEF16925319C0A00885C94 /* Resources */,
			);
			buildRules = (
			);
			dependencies = (
			);
			name = Hackthon_Demo;
			productName = Hackthon_Demo;
			productReference = 95BEF16B25319C0A00885C94 /* Hackthon_Demo.app */;
			productType = "com.apple.product-type.application";
		};
		95BEF18025319C0E00885C94 /* Hackthon_DemoTests */ = {
			isa = PBXNativeTarget;
			buildConfigurationList = 95BEF19825319C0F00885C94 /* Build configuration list for PBXNativeTarget "Hackthon_DemoTests" */;
			buildPhases = (
				95BEF17D25319C0E00885C94 /* Sources */,
				95BEF17E25319C0E00885C94 /* Frameworks */,
				95BEF17F25319C0E00885C94 /* Resources */,
			);
			buildRules = (
			);
			dependencies = (
				95BEF18325319C0E00885C94 /* PBXTargetDependency */,
			);
			name = Hackthon_DemoTests;
			productName = Hackthon_DemoTests;
			productReference = 95BEF18125319C0E00885C94 /* Hackthon_DemoTests.xctest */;
			productType = "com.apple.product-type.bundle.unit-test";
		};
		95BEF18B25319C0F00885C94 /* Hackthon_DemoUITests */ = {
			isa = PBXNativeTarget;
			buildConfigurationList = 95BEF19B25319C0F00885C94 /* Build configuration list for PBXNativeTarget "Hackthon_DemoUITests" */;
			buildPhases = (
				95BEF18825319C0F00885C94 /* Sources */,
				95BEF18925319C0F00885C94 /* Frameworks */,
				95BEF18A25319C0F00885C94 /* Resources */,
			);
			buildRules = (
			);
			dependencies = (
				95BEF18E25319C0F00885C94 /* PBXTargetDependency */,
			);
			name = Hackthon_DemoUITests;
			productName = Hackthon_DemoUITests;
			productReference = 95BEF18C25319C0F00885C94 /* Hackthon_DemoUITests.xctest */;
			productType = "com.apple.product-type.bundle.ui-testing";
		};
/* End PBXNativeTarget section */

/* Begin PBXProject section */
		95BEF16325319C0900885C94 /* Project object */ = {
			isa = PBXProject;
			attributes = {
				LastSwiftUpdateCheck = 1150;
				LastUpgradeCheck = 1150;
				ORGANIZATIONNAME = demoTesting;
				TargetAttributes = {
					95BEF16A25319C0A00885C94 = {
						CreatedOnToolsVersion = 11.5;
					};
					95BEF18025319C0E00885C94 = {
						CreatedOnToolsVersion = 11.5;
						TestTargetID = 95BEF16A25319C0A00885C94;
					};
					95BEF18B25319C0F00885C94 = {
						CreatedOnToolsVersion = 11.5;
						TestTargetID = 95BEF16A25319C0A00885C94;
					};
				};
			};
			buildConfigurationList = 95BEF16625319C0A00885C94 /* Build configuration list for PBXProject "Hackthon_Demo" */;
			compatibilityVersion = "Xcode 9.3";
			developmentRegion = en;
			hasScannedForEncodings = 0;
			knownRegions = (
				en,
				Base,
			);
			mainGroup = 95BEF16225319C0900885C94;
			productRefGroup = 95BEF16C25319C0A00885C94 /* Products */;
			projectDirPath = "";
			projectRoot = "";
			targets = (
				95BEF16A25319C0A00885C94 /* Hackthon_Demo */,
				95BEF18025319C0E00885C94 /* Hackthon_DemoTests */,
				95BEF18B25319C0F00885C94 /* Hackthon_DemoUITests */,
			);
		};
/* End PBXProject section */

/* Begin PBXResourcesBuildPhase section */
		95BEF16925319C0A00885C94 /* Resources */ = {
			isa = PBXResourcesBuildPhase;
			buildActionMask = 2147483647;
			files = (
				95BEF17B25319C0E00885C94 /* LaunchScreen.storyboard in Resources */,
				95BEF17825319C0E00885C94 /* Assets.xcassets in Resources */,
				95BEF17625319C0A00885C94 /* Main.storyboard in Resources */,
			);
			runOnlyForDeploymentPostprocessing = 0;
		};
		95BEF17F25319C0E00885C94 /* Resources */ = {
			isa = PBXResourcesBuildPhase;
			buildActionMask = 2147483647;
			files = (
			);
			runOnlyForDeploymentPostprocessing = 0;
		};
		95BEF18A25319C0F00885C94 /* Resources */ = {
			isa = PBXResourcesBuildPhase;
			buildActionMask = 2147483647;
			files = (
			);
			runOnlyForDeploymentPostprocessing = 0;
		};
/* End PBXResourcesBuildPhase section */

/* Begin PBXSourcesBuildPhase section */
		95BEF16725319C0A00885C94 /* Sources */ = {
			isa = PBXSourcesBuildPhase;
			buildActionMask = 2147483647;
			files = (
				95BEF17325319C0A00885C94 /* ViewController.swift in Sources */,
				95BEF16F25319C0A00885C94 /* AppDelegate.swift in Sources */,
				95BEF17125319C0A00885C94 /* SceneDelegate.swift in Sources */,
			);
			runOnlyForDeploymentPostprocessing = 0;
		};
		95BEF17D25319C0E00885C94 /* Sources */ = {
			isa = PBXSourcesBuildPhase;
			buildActionMask = 2147483647;
			files = (
				95BEF18625319C0E00885C94 /* Hackthon_DemoTests.swift in Sources */,
			);
			runOnlyForDeploymentPostprocessing = 0;
		};
		95BEF18825319C0F00885C94 /* Sources */ = {
			isa = PBXSourcesBuildPhase;
			buildActionMask = 2147483647;
			files = (
				95BEF19125319C0F00885C94 /* Hackthon_DemoUITests.swift in Sources */,
			);
			runOnlyForDeploymentPostprocessing = 0;
		};
/* End PBXSourcesBuildPhase section */

/* Begin PBXTargetDependency section */
		95BEF18325319C0E00885C94 /* PBXTargetDependency */ = {
			isa = PBXTargetDependency;
			target = 95BEF16A25319C0A00885C94 /* Hackthon_Demo */;
			targetProxy = 95BEF18225319C0E00885C94 /* PBXContainerItemProxy */;
		};
		95BEF18E25319C0F00885C94 /* PBXTargetDependency */ = {
			isa = PBXTargetDependency;
			target = 95BEF16A25319C0A00885C94 /* Hackthon_Demo */;
			targetProxy = 95BEF18D25319C0F00885C94 /* PBXContainerItemProxy */;
		};
/* End PBXTargetDependency section */

/* Begin PBXVariantGroup section */
		95BEF17425319C0A00885C94 /* Main.storyboard */ = {
			isa = PBXVariantGroup;
			children = (
				95BEF17525319C0A00885C94 /* Base */,
			);
			name = Main.storyboard;
			sourceTree = "<group>";
		};
		95BEF17925319C0E00885C94 /* LaunchScreen.storyboard */ = {
			isa = PBXVariantGroup;
			children = (
				95BEF17A25319C0E00885C94 /* Base */,
			);
			name = LaunchScreen.storyboard;
			sourceTree = "<group>";
		};
/* End PBXVariantGroup section */

/* Begin XCBuildConfiguration section */
		95BEF19325319C0F00885C94 /* Debug */ = {
			isa = XCBuildConfiguration;
			buildSettings = {
				ALWAYS_SEARCH_USER_PATHS = NO;
				CLANG_ANALYZER_NONNULL = YES;
				CLANG_ANALYZER_NUMBER_OBJECT_CONVERSION = YES_AGGRESSIVE;
				CLANG_CXX_LANGUAGE_STANDARD = "gnu++14";
				CLANG_CXX_LIBRARY = "libc++";
				CLANG_ENABLE_MODULES = YES;
				CLANG_ENABLE_OBJC_ARC = YES;
				CLANG_ENABLE_OBJC_WEAK = YES;
				CLANG_WARN_BLOCK_CAPTURE_AUTORELEASING = YES;
				CLANG_WARN_BOOL_CONVERSION = YES;
				CLANG_WARN_COMMA = YES;
				CLANG_WARN_CONSTANT_CONVERSION = YES;
				CLANG_WARN_DEPRECATED_OBJC_IMPLEMENTATIONS = YES;
				CLANG_WARN_DIRECT_OBJC_ISA_USAGE = YES_ERROR;
				CLANG_WARN_DOCUMENTATION_COMMENTS = YES;
				CLANG_WARN_EMPTY_BODY = YES;
				CLANG_WARN_ENUM_CONVERSION = YES;
				CLANG_WARN_INFINITE_RECURSION = YES;
				CLANG_WARN_INT_CONVERSION = YES;
				CLANG_WARN_NON_LITERAL_NULL_CONVERSION = YES;
				CLANG_WARN_OBJC_IMPLICIT_RETAIN_SELF = YES;
				CLANG_WARN_OBJC_LITERAL_CONVERSION = YES;
				CLANG_WARN_OBJC_ROOT_CLASS = YES_ERROR;
				CLANG_WARN_RANGE_LOOP_ANALYSIS = YES;
				CLANG_WARN_STRICT_PROTOTYPES = YES;
				CLANG_WARN_SUSPICIOUS_MOVE = YES;
				CLANG_WARN_UNGUARDED_AVAILABILITY = YES_AGGRESSIVE;
				CLANG_WARN_UNREACHABLE_CODE = YES;
				CLANG_WARN__DUPLICATE_METHOD_MATCH = YES;
				COPY_PHASE_STRIP = NO;
				DEBUG_INFORMATION_FORMAT = dwarf;
				ENABLE_STRICT_OBJC_MSGSEND = YES;
				ENABLE_TESTABILITY = YES;
				GCC_C_LANGUAGE_STANDARD = gnu11;
				GCC_DYNAMIC_NO_PIC = NO;
				GCC_NO_COMMON_BLOCKS = YES;
				GCC_OPTIMIZATION_LEVEL = 0;
				GCC_PREPROCESSOR_DEFINITIONS = (
					"DEBUG=1",
					"$(inherited)",
				);
				GCC_WARN_64_TO_32_BIT_CONVERSION = YES;
				GCC_WARN_ABOUT_RETURN_TYPE = YES_ERROR;
				GCC_WARN_UNDECLARED_SELECTOR = YES;
				GCC_WARN_UNINITIALIZED_AUTOS = YES_AGGRESSIVE;
				GCC_WARN_UNUSED_FUNCTION = YES;
				GCC_WARN_UNUSED_VARIABLE = YES;
				IPHONEOS_DEPLOYMENT_TARGET = 13.5;
				MTL_ENABLE_DEBUG_INFO = INCLUDE_SOURCE;
				MTL_FAST_MATH = YES;
				ONLY_ACTIVE_ARCH = YES;
				SDKROOT = iphoneos;
				SWIFT_ACTIVE_COMPILATION_CONDITIONS = DEBUG;
				SWIFT_OPTIMIZATION_LEVEL = "-Onone";
			};
			name = Debug;
		};
		95BEF19425319C0F00885C94 /* Release */ = {
			isa = XCBuildConfiguration;
			buildSettings = {
				ALWAYS_SEARCH_USER_PATHS = NO;
				CLANG_ANALYZER_NONNULL = YES;
				CLANG_ANALYZER_NUMBER_OBJECT_CONVERSION = YES_AGGRESSIVE;
				CLANG_CXX_LANGUAGE_STANDARD = "gnu++14";
				CLANG_CXX_LIBRARY = "libc++";
				CLANG_ENABLE_MODULES = YES;
				CLANG_ENABLE_OBJC_ARC = YES;
				CLANG_ENABLE_OBJC_WEAK = YES;
				CLANG_WARN_BLOCK_CAPTURE_AUTORELEASING = YES;
				CLANG_WARN_BOOL_CONVERSION = YES;
				CLANG_WARN_COMMA = YES;
				CLANG_WARN_CONSTANT_CONVERSION = YES;
				CLANG_WARN_DEPRECATED_OBJC_IMPLEMENTATIONS = YES;
				CLANG_WARN_DIRECT_OBJC_ISA_USAGE = YES_ERROR;
				CLANG_WARN_DOCUMENTATION_COMMENTS = YES;
				CLANG_WARN_EMPTY_BODY = YES;
				CLANG_WARN_ENUM_CONVERSION = YES;
				CLANG_WARN_INFINITE_RECURSION = YES;
				CLANG_WARN_INT_CONVERSION = YES;
				CLANG_WARN_NON_LITERAL_NULL_CONVERSION = YES;
				CLANG_WARN_OBJC_IMPLICIT_RETAIN_SELF = YES;
				CLANG_WARN_OBJC_LITERAL_CONVERSION = YES;
				CLANG_WARN_OBJC_ROOT_CLASS = YES_ERROR;
				CLANG_WARN_RANGE_LOOP_ANALYSIS = YES;
				CLANG_WARN_STRICT_PROTOTYPES = YES;
				CLANG_WARN_SUSPICIOUS_MOVE = YES;
				CLANG_WARN_UNGUARDED_AVAILABILITY = YES_AGGRESSIVE;
				CLANG_WARN_UNREACHABLE_CODE = YES;
				CLANG_WARN__DUPLICATE_METHOD_MATCH = YES;
				COPY_PHASE_STRIP = NO;
				DEBUG_INFORMATION_FORMAT = "dwarf-with-dsym";
				ENABLE_NS_ASSERTIONS = NO;
				ENABLE_STRICT_OBJC_MSGSEND = YES;
				GCC_C_LANGUAGE_STANDARD = gnu11;
				GCC_NO_COMMON_BLOCKS = YES;
				GCC_WARN_64_TO_32_BIT_CONVERSION = YES;
				GCC_WARN_ABOUT_RETURN_TYPE = YES_ERROR;
				GCC_WARN_UNDECLARED_SELECTOR = YES;
				GCC_WARN_UNINITIALIZED_AUTOS = YES_AGGRESSIVE;
				GCC_WARN_UNUSED_FUNCTION = YES;
				GCC_WARN_UNUSED_VARIABLE = YES;
				IPHONEOS_DEPLOYMENT_TARGET = 13.5;
				MTL_ENABLE_DEBUG_INFO = NO;
				MTL_FAST_MATH = YES;
				SDKROOT = iphoneos;
				SWIFT_COMPILATION_MODE = wholemodule;
				SWIFT_OPTIMIZATION_LEVEL = "-O";
				VALIDATE_PRODUCT = YES;
			};
			name = Release;
		};
		95BEF19625319C0F00885C94 /* Debug */ = {
			isa = XCBuildConfiguration;
			buildSettings = {
				ASSETCATALOG_COMPILER_APPICON_NAME = AppIcon;
				CODE_SIGN_STYLE = Automatic;
				INFOPLIST_FILE = Hackthon_Demo/Info.plist;
				LD_RUNPATH_SEARCH_PATHS = (
					"$(inherited)",
					"@executable_path/Frameworks",
				);
				PRODUCT_BUNDLE_IDENTIFIER = "com.demo.a.Hackthon-Demo";
				PRODUCT_NAME = "$(TARGET_NAME)";
				SWIFT_VERSION = 5.0;
				TARGETED_DEVICE_FAMILY = "1,2";
			};
			name = Debug;
		};
		95BEF19725319C0F00885C94 /* Release */ = {
			isa = XCBuildConfiguration;
			buildSettings = {
				ASSETCATALOG_COMPILER_APPICON_NAME = AppIcon;
				CODE_SIGN_STYLE = Automatic;
				INFOPLIST_FILE = Hackthon_Demo/Info.plist;
				LD_RUNPATH_SEARCH_PATHS = (
					"$(inherited)",
					"@executable_path/Frameworks",
				);
				PRODUCT_BUNDLE_IDENTIFIER = "com.demo.a.Hackthon-Demo";
				PRODUCT_NAME = "$(TARGET_NAME)";
				SWIFT_VERSION = 5.0;
				TARGETED_DEVICE_FAMILY = "1,2";
			};
			name = Release;
		};
		95BEF19925319C0F00885C94 /* Debug */ = {
			isa = XCBuildConfiguration;
			buildSettings = {
				ALWAYS_EMBED_SWIFT_STANDARD_LIBRARIES = YES;
				BUNDLE_LOADER = "$(TEST_HOST)";
				CODE_SIGN_STYLE = Automatic;
				INFOPLIST_FILE = Hackthon_DemoTests/Info.plist;
				IPHONEOS_DEPLOYMENT_TARGET = 13.5;
				LD_RUNPATH_SEARCH_PATHS = (
					"$(inherited)",
					"@executable_path/Frameworks",
					"@loader_path/Frameworks",
				);
				PRODUCT_BUNDLE_IDENTIFIER = "com.demo.a.Hackthon-DemoTests";
				PRODUCT_NAME = "$(TARGET_NAME)";
				SWIFT_VERSION = 5.0;
				TARGETED_DEVICE_FAMILY = "1,2";
				TEST_HOST = "$(BUILT_PRODUCTS_DIR)/Hackthon_Demo.app/Hackthon_Demo";
			};
			name = Debug;
		};
		95BEF19A25319C0F00885C94 /* Release */ = {
			isa = XCBuildConfiguration;
			buildSettings = {
				ALWAYS_EMBED_SWIFT_STANDARD_LIBRARIES = YES;
				BUNDLE_LOADER = "$(TEST_HOST)";
				CODE_SIGN_STYLE = Automatic;
				INFOPLIST_FILE = Hackthon_DemoTests/Info.plist;
				IPHONEOS_DEPLOYMENT_TARGET = 13.5;
				LD_RUNPATH_SEARCH_PATHS = (
					"$(inherited)",
					"@executable_path/Frameworks",
					"@loader_path/Frameworks",
				);
				PRODUCT_BUNDLE_IDENTIFIER = "com.demo.a.Hackthon-DemoTests";
				PRODUCT_NAME = "$(TARGET_NAME)";
				SWIFT_VERSION = 5.0;
				TARGETED_DEVICE_FAMILY = "1,2";
				TEST_HOST = "$(BUILT_PRODUCTS_DIR)/Hackthon_Demo.app/Hackthon_Demo";
			};
			name = Release;
		};
		95BEF19C25319C0F00885C94 /* Debug */ = {
			isa = XCBuildConfiguration;
			buildSettings = {
				ALWAYS_EMBED_SWIFT_STANDARD_LIBRARIES = YES;
				CODE_SIGN_STYLE = Automatic;
				INFOPLIST_FILE = Hackthon_DemoUITests/Info.plist;
				LD_RUNPATH_SEARCH_PATHS = (
					"$(inherited)",
					"@executable_path/Frameworks",
					"@loader_path/Frameworks",
				);
				PRODUCT_BUNDLE_IDENTIFIER = "com.demo.a.Hackthon-DemoUITests";
				PRODUCT_NAME = "$(TARGET_NAME)";
				SWIFT_VERSION = 5.0;
				TARGETED_DEVICE_FAMILY = "1,2";
				TEST_TARGET_NAME = Hackthon_Demo;
			};
			name = Debug;
		};
		95BEF19D25319C0F00885C94 /* Release */ = {
			isa = XCBuildConfiguration;
			buildSettings = {
				ALWAYS_EMBED_SWIFT_STANDARD_LIBRARIES = YES;
				CODE_SIGN_STYLE = Automatic;
				INFOPLIST_FILE = Hackthon_DemoUITests/Info.plist;
				LD_RUNPATH_SEARCH_PATHS = (
					"$(inherited)",
					"@executable_path/Frameworks",
					"@loader_path/Frameworks",
				);
				PRODUCT_BUNDLE_IDENTIFIER = "com.demo.a.Hackthon-DemoUITests";
				PRODUCT_NAME = "$(TARGET_NAME)";
				SWIFT_VERSION = 5.0;
				TARGETED_DEVICE_FAMILY = "1,2";
				TEST_TARGET_NAME = Hackthon_Demo;
			};
			name = Release;
		};
/* End XCBuildConfiguration section */

/* Begin XCConfigurationList section */
		95BEF16625319C0A00885C94 /* Build configuration list for PBXProject "Hackthon_Demo" */ = {
			isa = XCConfigurationList;
			buildConfigurations = (
				95BEF19325319C0F00885C94 /* Debug */,
				95BEF19425319C0F00885C94 /* Release */,
			);
			defaultConfigurationIsVisible = 0;
			defaultConfigurationName = Release;
		};
		95BEF19525319C0F00885C94 /* Build configuration list for PBXNativeTarget "Hackthon_Demo" */ = {
			isa = XCConfigurationList;
			buildConfigurations = (
				95BEF19625319C0F00885C94 /* Debug */,
				95BEF19725319C0F00885C94 /* Release */,
			);
			defaultConfigurationIsVisible = 0;
			defaultConfigurationName = Release;
		};
		95BEF19825319C0F00885C94 /* Build configuration list for PBXNativeTarget "Hackthon_DemoTests" */ = {
			isa = XCConfigurationList;
			buildConfigurations = (
				95BEF19925319C0F00885C94 /* Debug */,
				95BEF19A25319C0F00885C94 /* Release */,
			);
			defaultConfigurationIsVisible = 0;
			defaultConfigurationName = Release;
		};
		95BEF19B25319C0F00885C94 /* Build configuration list for PBXNativeTarget "Hackthon_DemoUITests" */ = {
			isa = XCConfigurationList;
			buildConfigurations = (
				95BEF19C25319C0F00885C94 /* Debug */,
				95BEF19D25319C0F00885C94 /* Release */,
			);
			defaultConfigurationIsVisible = 0;
			defaultConfigurationName = Release;
		};
/* End XCConfigurationList section */
	};
	rootObject = 95BEF16325319C0900885C94 /* Project object */;
}
